
Microsoft Visual Studio Solution File, Format Version 12.00
# Visual Studio 15
VisualStudioVersion = 15.0.28307.1082
MinimumVisualStudioVersion = 10.0.40219.1
Project("{FAE04EC0-301F-11D3-BF4B-00C04F79EFBC}") = "TennisMatch", "TennisMatch\TennisMatch.csproj", "{C53E8AC8-D6B0-4438-8132-9BFCD8C140D0}"
EndProject
Project("{FAE04EC0-301F-11D3-BF4B-00C04F79EFBC}") = "TennisMatchTests", "TennisMatchTests\TennisMatchTests.csproj", "{D399C9A6-0B6F-40C1-BB28-D5F456C150C7}"
EndProject
Project("{FAE04EC0-301F-11D3-BF4B-00C04F79EFBC}") = "TennisMatch.UI", "TennisMatch.UI\TennisMatch.UI.csproj", "{2793054B-BBF9-458C-B545-6B3C8F651288}"
EndProject
Global
	GlobalSection(SolutionConfigurationPlatforms) = preSolution
		Debug|Any CPU = Debug|Any CPU
		Release|Any CPU = Release|Any CPU
	EndGlobalSection
	GlobalSection(ProjectConfigurationPlatforms) = postSolution
		{C53E8AC8-D6B0-4438-8132-9BFCD8C140D0}.Debug|Any CPU.ActiveCfg = Debug|Any CPU
		{C53E8AC8-D6B0-4438-8132-9BFCD8C140D0}.Debug|Any CPU.Build.0 = Debug|Any CPU
		{C53E8AC8-D6B0-4438-8132-9BFCD8C140D0}.Release|Any CPU.ActiveCfg = Release|Any CPU
		{C53E8AC8-D6B0-4438-8132-9BFCD8C140D0}.Release|Any CPU.Build.0 = Release|Any CPU
		{D399C9A6-0B6F-40C1-BB28-D5F456C150C7}.Debug|Any CPU.ActiveCfg = Debug|Any CPU
		{D399C9A6-0B6F-40C1-BB28-D5F456C150C7}.Debug|Any CPU.Build.0 = Debug|Any CPU
		{D399C9A6-0B6F-40C1-BB28-D5F456C150C7}.Release|Any CPU.ActiveCfg = Release|Any CPU
		{D399C9A6-0B6F-40C1-BB28-D5F456C150C7}.Release|Any CPU.Build.0 = Release|Any CPU
		{2793054B-BBF9-458C-B545-6B3C8F651288}.Debug|Any CPU.ActiveCfg = Debug|Any CPU
		{2793054B-BBF9-458C-B545-6B3C8F651288}.Debug|Any CPU.Build.0 = Debug|Any CPU
		{2793054B-BBF9-458C-B545-6B3C8F651288}.Release|Any CPU.ActiveCfg = Release|Any CPU
		{2793054B-BBF9-458C-B545-6B3C8F651288}.Release|Any CPU.Build.0 = Release|Any CPU
	EndGlobalSection
	GlobalSection(SolutionProperties) = preSolution
		HideSolutionNode = FALSE
	EndGlobalSection
	GlobalSection(ExtensibilityGlobals) = postSolution
		SolutionGuid = {296915C2-201D-46BF-BB37-9C178B36663B}
	EndGlobalSection
EndGlobal
